
Microsoft Visual Studio Solution File, Format Version 12.00
# Visual Studio 2013
VisualStudioVersion = 12.0.31101.0
MinimumVisualStudioVersion = 10.0.40219.1
Project("{FAE04EC0-301F-11D3-BF4B-00C04F79EFBC}") = "TestTask", "TestTask\TestTask.csproj", "{8A312B30-72E1-4A3B-B05F-590DD410417F}"
EndProject
Project("{FAE04EC0-301F-11D3-BF4B-00C04F79EFBC}") = "UnitTestProject1", "UnitTestProject1\UnitTestProject1.csproj", "{28AD8817-B83F-4CAB-A559-40AD58428AD8}"
EndProject
Global
	GlobalSection(SolutionConfigurationPlatforms) = preSolution
		Debug|Any CPU = Debug|Any CPU
		Release|Any CPU = Release|Any CPU
	EndGlobalSection
	GlobalSection(ProjectConfigurationPlatforms) = postSolution
		{8A312B30-72E1-4A3B-B05F-590DD410417F}.Debug|Any CPU.ActiveCfg = Debug|Any CPU
		{8A312B30-72E1-4A3B-B05F-590DD410417F}.Debug|Any CPU.Build.0 = Debug|Any CPU
		{8A312B30-72E1-4A3B-B05F-590DD410417F}.Release|Any CPU.ActiveCfg = Release|Any CPU
		{8A312B30-72E1-4A3B-B05F-590DD410417F}.Release|Any CPU.Build.0 = Release|Any CPU
		{28AD8817-B83F-4CAB-A559-40AD58428AD8}.Debug|Any CPU.ActiveCfg = Debug|Any CPU
		{28AD8817-B83F-4CAB-A559-40AD58428AD8}.Debug|Any CPU.Build.0 = Debug|Any CPU
		{28AD8817-B83F-4CAB-A559-40AD58428AD8}.Release|Any CPU.ActiveCfg = Release|Any CPU
		{28AD8817-B83F-4CAB-A559-40AD58428AD8}.Release|Any CPU.Build.0 = Release|Any CPU
	EndGlobalSection
	GlobalSection(SolutionProperties) = preSolution
		HideSolutionNode = FALSE
	EndGlobalSection
EndGlobal
